{
  "name": "InfoLiteTransportableTS",
  "lockfileVersion": 3,
  "requires": true,
  "packages": {
    "": {
      "dependencies": {
        "@zip.js/zip.js": "^2.7.60"
      }
    },
    "node_modules/@zip.js/zip.js": {
      "version": "2.7.60",
      "resolved": "https://registry.npmjs.org/@zip.js/zip.js/-/zip.js-2.7.60.tgz",
      "integrity": "sha512-vA3rLyqdxBrVo1FWSsbyoecaqWTV+vgPRf0QKeM7kVDG0r+lHUqd7zQDv1TO9k4BcAoNzNDSNrrel24Mk6addA==",
      "engines": {
        "bun": ">=0.7.0",
        "deno": ">=1.0.0",
        "node": ">=16.5.0"
      }
    }
  }
}
